// !$*UTF8*$!
{
	archiveVersion = 1;
	classes = {
	};
	objectVersion = 56;
	objects = {

/* Begin PBXBuildFile section */
		9111FC5B288D6AB700A3E81F /* ComposableAppDemoApp.swift in Sources */ = {isa = PBXBuildFile; fileRef = 9111FC5A288D6AB700A3E81F /* ComposableAppDemoApp.swift */; };
		9111FC5D288D6AB700A3E81F /* ContentView.swift in Sources */ = {isa = PBXBuildFile; fileRef = 9111FC5C288D6AB700A3E81F /* ContentView.swift */; };
		9111FC5F288D6AB800A3E81F /* Assets.xcassets in Resources */ = {isa = PBXBuildFile; fileRef = 9111FC5E288D6AB800A3E81F /* Assets.xcassets */; };
		9111FC62288D6AB800A3E81F /* Preview Assets.xcassets in Resources */ = {isa = PBXBuildFile; fileRef = 9111FC61288D6AB800A3E81F /* Preview Assets.xcassets */; };
		9111FC6D288D6B3000A3E81F /* CounterView.swift in Sources */ = {isa = PBXBuildFile; fileRef = 9111FC6C288D6B3000A3E81F /* CounterView.swift */; };
		9111FC6F288D6DAD00A3E81F /* IsPrimeModalView.swift in Sources */ = {isa = PBXBuildFile; fileRef = 9111FC6E288D6DAD00A3E81F /* IsPrimeModalView.swift */; };
		9111FC72288D6F8100A3E81F /* AppState.swift in Sources */ = {isa = PBXBuildFile; fileRef = 9111FC71288D6F8100A3E81F /* AppState.swift */; };
		9111FC74288D71CD00A3E81F /* FavoritesPrimeView.swift in Sources */ = {isa = PBXBuildFile; fileRef = 9111FC73288D71CD00A3E81F /* FavoritesPrimeView.swift */; };
		9111FC77288D739900A3E81F /* PrimeService.swift in Sources */ = {isa = PBXBuildFile; fileRef = 9111FC76288D739900A3E81F /* PrimeService.swift */; };
		9111FC7A288E614000A3E81F /* ActivityFeedView.swift in Sources */ = {isa = PBXBuildFile; fileRef = 9111FC79288E614000A3E81F /* ActivityFeedView.swift */; };
/* End PBXBuildFile section */

/* Begin PBXFileReference section */
		9111FC57288D6AB700A3E81F /* ComposableAppDemo.app */ = {isa = PBXFileReference; explicitFileType = wrapper.application; includeInIndex = 0; path = ComposableAppDemo.app; sourceTree = BUILT_PRODUCTS_DIR; };
		9111FC5A288D6AB700A3E81F /* ComposableAppDemoApp.swift */ = {isa = PBXFileReference; lastKnownFileType = sourcecode.swift; path = ComposableAppDemoApp.swift; sourceTree = "<group>"; };
		9111FC5C288D6AB700A3E81F /* ContentView.swift */ = {isa = PBXFileReference; lastKnownFileType = sourcecode.swift; path = ContentView.swift; sourceTree = "<group>"; };
		9111FC5E288D6AB800A3E81F /* Assets.xcassets */ = {isa = PBXFileReference; lastKnownFileType = folder.assetcatalog; path = Assets.xcassets; sourceTree = "<group>"; };
		9111FC61288D6AB800A3E81F /* Preview Assets.xcassets */ = {isa = PBXFileReference; lastKnownFileType = folder.assetcatalog; path = "Preview Assets.xcassets"; sourceTree = "<group>"; };
		9111FC6C288D6B3000A3E81F /* CounterView.swift */ = {isa = PBXFileReference; lastKnownFileType = sourcecode.swift; path = CounterView.swift; sourceTree = "<group>"; };
		9111FC6E288D6DAD00A3E81F /* IsPrimeModalView.swift */ = {isa = PBXFileReference; lastKnownFileType = sourcecode.swift; path = IsPrimeModalView.swift; sourceTree = "<group>"; };
		9111FC71288D6F8100A3E81F /* AppState.swift */ = {isa = PBXFileReference; lastKnownFileType = sourcecode.swift; path = AppState.swift; sourceTree = "<group>"; };
		9111FC73288D71CD00A3E81F /* FavoritesPrimeView.swift */ = {isa = PBXFileReference; lastKnownFileType = sourcecode.swift; path = FavoritesPrimeView.swift; sourceTree = "<group>"; };
		9111FC76288D739900A3E81F /* PrimeService.swift */ = {isa = PBXFileReference; lastKnownFileType = sourcecode.swift; path = PrimeService.swift; sourceTree = "<group>"; };
		9111FC79288E614000A3E81F /* ActivityFeedView.swift */ = {isa = PBXFileReference; lastKnownFileType = sourcecode.swift; path = ActivityFeedView.swift; sourceTree = "<group>"; };
/* End PBXFileReference section */

/* Begin PBXFrameworksBuildPhase section */
		9111FC54288D6AB700A3E81F /* Frameworks */ = {
			isa = PBXFrameworksBuildPhase;
			buildActionMask = 2147483647;
			files = (
			);
			runOnlyForDeploymentPostprocessing = 0;
		};
/* End PBXFrameworksBuildPhase section */

/* Begin PBXGroup section */
		9111FC4E288D6AB700A3E81F = {
			isa = PBXGroup;
			children = (
				9111FC59288D6AB700A3E81F /* ComposableAppDemo */,
				9111FC58288D6AB700A3E81F /* Products */,
			);
			sourceTree = "<group>";
		};
		9111FC58288D6AB700A3E81F /* Products */ = {
			isa = PBXGroup;
			children = (
				9111FC57288D6AB700A3E81F /* ComposableAppDemo.app */,
			);
			name = Products;
			sourceTree = "<group>";
		};
		9111FC59288D6AB700A3E81F /* ComposableAppDemo */ = {
			isa = PBXGroup;
			children = (
				9111FC5A288D6AB700A3E81F /* ComposableAppDemoApp.swift */,
				9111FC5C288D6AB700A3E81F /* ContentView.swift */,
				9111FC75288D738B00A3E81F /* Service */,
				9111FC70288D6F7300A3E81F /* State */,
				9111FC68288D6ADE00A3E81F /* Scenes */,
				9111FC5E288D6AB800A3E81F /* Assets.xcassets */,
				9111FC60288D6AB800A3E81F /* Preview Content */,
			);
			path = ComposableAppDemo;
			sourceTree = "<group>";
		};
		9111FC60288D6AB800A3E81F /* Preview Content */ = {
			isa = PBXGroup;
			children = (
				9111FC61288D6AB800A3E81F /* Preview Assets.xcassets */,
			);
			path = "Preview Content";
			sourceTree = "<group>";
		};
		9111FC68288D6ADE00A3E81F /* Scenes */ = {
			isa = PBXGroup;
			children = (
				9111FC78288E612F00A3E81F /* ActivityFeed */,
				9111FC6B288D6B1600A3E81F /* Favorites */,
				9111FC6A288D6B0000A3E81F /* IsPrimeModal */,
				9111FC69288D6AF000A3E81F /* Counter */,
			);
			path = Scenes;
			sourceTree = "<group>";
		};
		9111FC69288D6AF000A3E81F /* Counter */ = {
			isa = PBXGroup;
			children = (
				9111FC6C288D6B3000A3E81F /* CounterView.swift */,
			);
			path = Counter;
			sourceTree = "<group>";
		};
		9111FC6A288D6B0000A3E81F /* IsPrimeModal */ = {
			isa = PBXGroup;
			children = (
				9111FC6E288D6DAD00A3E81F /* IsPrimeModalView.swift */,
			);
			path = IsPrimeModal;
			sourceTree = "<group>";
		};
		9111FC6B288D6B1600A3E81F /* Favorites */ = {
			isa = PBXGroup;
			children = (
				9111FC73288D71CD00A3E81F /* FavoritesPrimeView.swift */,
			);
			path = Favorites;
			sourceTree = "<group>";
		};
		9111FC70288D6F7300A3E81F /* State */ = {
			isa = PBXGroup;
			children = (
				9111FC71288D6F8100A3E81F /* AppState.swift */,
			);
			path = State;
			sourceTree = "<group>";
		};
		9111FC75288D738B00A3E81F /* Service */ = {
			isa = PBXGroup;
			children = (
				9111FC76288D739900A3E81F /* PrimeService.swift */,
			);
			path = Service;
			sourceTree = "<group>";
		};
		9111FC78288E612F00A3E81F /* ActivityFeed */ = {
			isa = PBXGroup;
			children = (
				9111FC79288E614000A3E81F /* ActivityFeedView.swift */,
			);
			path = ActivityFeed;
			sourceTree = "<group>";
		};
/* End PBXGroup section */

/* Begin PBXNativeTarget section */
		9111FC56288D6AB700A3E81F /* ComposableAppDemo */ = {
			isa = PBXNativeTarget;
			buildConfigurationList = 9111FC65288D6AB800A3E81F /* Build configuration list for PBXNativeTarget "ComposableAppDemo" */;
			buildPhases = (
				9111FC53288D6AB700A3E81F /* Sources */,
				9111FC54288D6AB700A3E81F /* Frameworks */,
				9111FC55288D6AB700A3E81F /* Resources */,
			);
			buildRules = (
			);
			dependencies = (
			);
			name = ComposableAppDemo;
			productName = ComposableAppDemo;
			productReference = 9111FC57288D6AB700A3E81F /* ComposableAppDemo.app */;
			productType = "com.apple.product-type.application";
		};
/* End PBXNativeTarget section */

/* Begin PBXProject section */
		9111FC4F288D6AB700A3E81F /* Project object */ = {
			isa = PBXProject;
			attributes = {
				BuildIndependentTargetsInParallel = 1;
				LastSwiftUpdateCheck = 1400;
				LastUpgradeCheck = 1400;
				TargetAttributes = {
					9111FC56288D6AB700A3E81F = {
						CreatedOnToolsVersion = 14.0;
					};
				};
			};
			buildConfigurationList = 9111FC52288D6AB700A3E81F /* Build configuration list for PBXProject "ComposableAppDemo" */;
			compatibilityVersion = "Xcode 14.0";
			developmentRegion = en;
			hasScannedForEncodings = 0;
			knownRegions = (
				en,
				Base,
			);
			mainGroup = 9111FC4E288D6AB700A3E81F;
			productRefGroup = 9111FC58288D6AB700A3E81F /* Products */;
			projectDirPath = "";
			projectRoot = "";
			targets = (
				9111FC56288D6AB700A3E81F /* ComposableAppDemo */,
			);
		};
/* End PBXProject section */

/* Begin PBXResourcesBuildPhase section */
		9111FC55288D6AB700A3E81F /* Resources */ = {
			isa = PBXResourcesBuildPhase;
			buildActionMask = 2147483647;
			files = (
				9111FC62288D6AB800A3E81F /* Preview Assets.xcassets in Resources */,
				9111FC5F288D6AB800A3E81F /* Assets.xcassets in Resources */,
			);
			runOnlyForDeploymentPostprocessing = 0;
		};
/* End PBXResourcesBuildPhase section */

/* Begin PBXSourcesBuildPhase section */
		9111FC53288D6AB700A3E81F /* Sources */ = {
			isa = PBXSourcesBuildPhase;
			buildActionMask = 2147483647;
			files = (
				9111FC5D288D6AB700A3E81F /* ContentView.swift in Sources */,
				9111FC77288D739900A3E81F /* PrimeService.swift in Sources */,
				9111FC72288D6F8100A3E81F /* AppState.swift in Sources */,
				9111FC5B288D6AB700A3E81F /* ComposableAppDemoApp.swift in Sources */,
				9111FC6F288D6DAD00A3E81F /* IsPrimeModalView.swift in Sources */,
				9111FC7A288E614000A3E81F /* ActivityFeedView.swift in Sources */,
				9111FC74288D71CD00A3E81F /* FavoritesPrimeView.swift in Sources */,
				9111FC6D288D6B3000A3E81F /* CounterView.swift in Sources */,
			);
			runOnlyForDeploymentPostprocessing = 0;
		};
/* End PBXSourcesBuildPhase section */

/* Begin XCBuildConfiguration section */
		9111FC63288D6AB800A3E81F /* Debug */ = {
			isa = XCBuildConfiguration;
			buildSettings = {
				ALWAYS_SEARCH_USER_PATHS = NO;
				CLANG_ANALYZER_NONNULL = YES;
				CLANG_ANALYZER_NUMBER_OBJECT_CONVERSION = YES_AGGRESSIVE;
				CLANG_CXX_LANGUAGE_STANDARD = "gnu++20";
				CLANG_ENABLE_MODULES = YES;
				CLANG_ENABLE_OBJC_ARC = YES;
				CLANG_ENABLE_OBJC_WEAK = YES;
				CLANG_WARN_BLOCK_CAPTURE_AUTORELEASING = YES;
				CLANG_WARN_BOOL_CONVERSION = YES;
				CLANG_WARN_COMMA = YES;
				CLANG_WARN_CONSTANT_CONVERSION = YES;
				CLANG_WARN_DEPRECATED_OBJC_IMPLEMENTATIONS = YES;
				CLANG_WARN_DIRECT_OBJC_ISA_USAGE = YES_ERROR;
				CLANG_WARN_DOCUMENTATION_COMMENTS = YES;
				CLANG_WARN_EMPTY_BODY = YES;
				CLANG_WARN_ENUM_CONVERSION = YES;
				CLANG_WARN_INFINITE_RECURSION = YES;
				CLANG_WARN_INT_CONVERSION = YES;
				CLANG_WARN_NON_LITERAL_NULL_CONVERSION = YES;
				CLANG_WARN_OBJC_IMPLICIT_RETAIN_SELF = YES;
				CLANG_WARN_OBJC_LITERAL_CONVERSION = YES;
				CLANG_WARN_OBJC_ROOT_CLASS = YES_ERROR;
				CLANG_WARN_QUOTED_INCLUDE_IN_FRAMEWORK_HEADER = YES;
				CLANG_WARN_RANGE_LOOP_ANALYSIS = YES;
				CLANG_WARN_STRICT_PROTOTYPES = YES;
				CLANG_WARN_SUSPICIOUS_MOVE = YES;
				CLANG_WARN_UNGUARDED_AVAILABILITY = YES_AGGRESSIVE;
				CLANG_WARN_UNREACHABLE_CODE = YES;
				CLANG_WARN__DUPLICATE_METHOD_MATCH = YES;
				COPY_PHASE_STRIP = NO;
				DEBUG_INFORMATION_FORMAT = dwarf;
				ENABLE_STRICT_OBJC_MSGSEND = YES;
				ENABLE_TESTABILITY = YES;
				GCC_C_LANGUAGE_STANDARD = gnu11;
				GCC_DYNAMIC_NO_PIC = NO;
				GCC_NO_COMMON_BLOCKS = YES;
				GCC_OPTIMIZATION_LEVEL = 0;
				GCC_PREPROCESSOR_DEFINITIONS = (
					"DEBUG=1",
					"$(inherited)",
				);
				GCC_WARN_64_TO_32_BIT_CONVERSION = YES;
				GCC_WARN_ABOUT_RETURN_TYPE = YES_ERROR;
				GCC_WARN_UNDECLARED_SELECTOR = YES;
				GCC_WARN_UNINITIALIZED_AUTOS = YES_AGGRESSIVE;
				GCC_WARN_UNUSED_FUNCTION = YES;
				GCC_WARN_UNUSED_VARIABLE = YES;
				IPHONEOS_DEPLOYMENT_TARGET = 16.0;
				MTL_ENABLE_DEBUG_INFO = INCLUDE_SOURCE;
				MTL_FAST_MATH = YES;
				ONLY_ACTIVE_ARCH = YES;
				SDKROOT = iphoneos;
				SWIFT_ACTIVE_COMPILATION_CONDITIONS = DEBUG;
				SWIFT_OPTIMIZATION_LEVEL = "-Onone";
			};
			name = Debug;
		};
		9111FC64288D6AB800A3E81F /* Release */ = {
			isa = XCBuildConfiguration;
			buildSettings = {
				ALWAYS_SEARCH_USER_PATHS = NO;
				CLANG_ANALYZER_NONNULL = YES;
				CLANG_ANALYZER_NUMBER_OBJECT_CONVERSION = YES_AGGRESSIVE;
				CLANG_CXX_LANGUAGE_STANDARD = "gnu++20";
				CLANG_ENABLE_MODULES = YES;
				CLANG_ENABLE_OBJC_ARC = YES;
				CLANG_ENABLE_OBJC_WEAK = YES;
				CLANG_WARN_BLOCK_CAPTURE_AUTORELEASING = YES;
				CLANG_WARN_BOOL_CONVERSION = YES;
				CLANG_WARN_COMMA = YES;
				CLANG_WARN_CONSTANT_CONVERSION = YES;
				CLANG_WARN_DEPRECATED_OBJC_IMPLEMENTATIONS = YES;
				CLANG_WARN_DIRECT_OBJC_ISA_USAGE = YES_ERROR;
				CLANG_WARN_DOCUMENTATION_COMMENTS = YES;
				CLANG_WARN_EMPTY_BODY = YES;
				CLANG_WARN_ENUM_CONVERSION = YES;
				CLANG_WARN_INFINITE_RECURSION = YES;
				CLANG_WARN_INT_CONVERSION = YES;
				CLANG_WARN_NON_LITERAL_NULL_CONVERSION = YES;
				CLANG_WARN_OBJC_IMPLICIT_RETAIN_SELF = YES;
				CLANG_WARN_OBJC_LITERAL_CONVERSION = YES;
				CLANG_WARN_OBJC_ROOT_CLASS = YES_ERROR;
				CLANG_WARN_QUOTED_INCLUDE_IN_FRAMEWORK_HEADER = YES;
				CLANG_WARN_RANGE_LOOP_ANALYSIS = YES;
				CLANG_WARN_STRICT_PROTOTYPES = YES;
				CLANG_WARN_SUSPICIOUS_MOVE = YES;
				CLANG_WARN_UNGUARDED_AVAILABILITY = YES_AGGRESSIVE;
				CLANG_WARN_UNREACHABLE_CODE = YES;
				CLANG_WARN__DUPLICATE_METHOD_MATCH = YES;
				COPY_PHASE_STRIP = NO;
				DEBUG_INFORMATION_FORMAT = "dwarf-with-dsym";
				ENABLE_NS_ASSERTIONS = NO;
				ENABLE_STRICT_OBJC_MSGSEND = YES;
				GCC_C_LANGUAGE_STANDARD = gnu11;
				GCC_NO_COMMON_BLOCKS = YES;
				GCC_WARN_64_TO_32_BIT_CONVERSION = YES;
				GCC_WARN_ABOUT_RETURN_TYPE = YES_ERROR;
				GCC_WARN_UNDECLARED_SELECTOR = YES;
				GCC_WARN_UNINITIALIZED_AUTOS = YES_AGGRESSIVE;
				GCC_WARN_UNUSED_FUNCTION = YES;
				GCC_WARN_UNUSED_VARIABLE = YES;
				IPHONEOS_DEPLOYMENT_TARGET = 16.0;
				MTL_ENABLE_DEBUG_INFO = NO;
				MTL_FAST_MATH = YES;
				SDKROOT = iphoneos;
				SWIFT_COMPILATION_MODE = wholemodule;
				SWIFT_OPTIMIZATION_LEVEL = "-O";
				VALIDATE_PRODUCT = YES;
			};
			name = Release;
		};
		9111FC66288D6AB800A3E81F /* Debug */ = {
			isa = XCBuildConfiguration;
			buildSettings = {
				ASSETCATALOG_COMPILER_APPICON_NAME = AppIcon;
				ASSETCATALOG_COMPILER_GLOBAL_ACCENT_COLOR_NAME = AccentColor;
				CODE_SIGN_STYLE = Automatic;
				CURRENT_PROJECT_VERSION = 1;
				DEVELOPMENT_ASSET_PATHS = "\"ComposableAppDemo/Preview Content\"";
				DEVELOPMENT_TEAM = 2CTYYUNMY9;
				ENABLE_PREVIEWS = YES;
				GENERATE_INFOPLIST_FILE = YES;
				INFOPLIST_KEY_UIApplicationSceneManifest_Generation = YES;
				INFOPLIST_KEY_UIApplicationSupportsIndirectInputEvents = YES;
				INFOPLIST_KEY_UILaunchScreen_Generation = YES;
				INFOPLIST_KEY_UISupportedInterfaceOrientations_iPad = "UIInterfaceOrientationPortrait UIInterfaceOrientationPortraitUpsideDown UIInterfaceOrientationLandscapeLeft UIInterfaceOrientationLandscapeRight";
				INFOPLIST_KEY_UISupportedInterfaceOrientations_iPhone = "UIInterfaceOrientationPortrait UIInterfaceOrientationLandscapeLeft UIInterfaceOrientationLandscapeRight";
				LD_RUNPATH_SEARCH_PATHS = (
					"$(inherited)",
					"@executable_path/Frameworks",
				);
				MARKETING_VERSION = 1.0;
				PRODUCT_BUNDLE_IDENTIFIER = com.vikkrithik.ComposableAppDemo;
				PRODUCT_NAME = "$(TARGET_NAME)";
				SWIFT_EMIT_LOC_STRINGS = YES;
				SWIFT_VERSION = 5.0;
				TARGETED_DEVICE_FAMILY = "1,2";
			};
			name = Debug;
		};
		9111FC67288D6AB800A3E81F /* Release */ = {
			isa = XCBuildConfiguration;
			buildSettings = {
				ASSETCATALOG_COMPILER_APPICON_NAME = AppIcon;
				ASSETCATALOG_COMPILER_GLOBAL_ACCENT_COLOR_NAME = AccentColor;
				CODE_SIGN_STYLE = Automatic;
				CURRENT_PROJECT_VERSION = 1;
				DEVELOPMENT_ASSET_PATHS = "\"ComposableAppDemo/Preview Content\"";
				DEVELOPMENT_TEAM = 2CTYYUNMY9;
				ENABLE_PREVIEWS = YES;
				GENERATE_INFOPLIST_FILE = YES;
				INFOPLIST_KEY_UIApplicationSceneManifest_Generation = YES;
				INFOPLIST_KEY_UIApplicationSupportsIndirectInputEvents = YES;
				INFOPLIST_KEY_UILaunchScreen_Generation = YES;
				INFOPLIST_KEY_UISupportedInterfaceOrientations_iPad = "UIInterfaceOrientationPortrait UIInterfaceOrientationPortraitUpsideDown UIInterfaceOrientationLandscapeLeft UIInterfaceOrientationLandscapeRight";
				INFOPLIST_KEY_UISupportedInterfaceOrientations_iPhone = "UIInterfaceOrientationPortrait UIInterfaceOrientationLandscapeLeft UIInterfaceOrientationLandscapeRight";
				LD_RUNPATH_SEARCH_PATHS = (
					"$(inherited)",
					"@executable_path/Frameworks",
				);
				MARKETING_VERSION = 1.0;
				PRODUCT_BUNDLE_IDENTIFIER = com.vikkrithik.ComposableAppDemo;
				PRODUCT_NAME = "$(TARGET_NAME)";
				SWIFT_EMIT_LOC_STRINGS = YES;
				SWIFT_VERSION = 5.0;
				TARGETED_DEVICE_FAMILY = "1,2";
			};
			name = Release;
		};
/* End XCBuildConfiguration section */

/* Begin XCConfigurationList section */
		9111FC52288D6AB700A3E81F /* Build configuration list for PBXProject "ComposableAppDemo" */ = {
			isa = XCConfigurationList;
			buildConfigurations = (
				9111FC63288D6AB800A3E81F /* Debug */,
				9111FC64288D6AB800A3E81F /* Release */,
			);
			defaultConfigurationIsVisible = 0;
			defaultConfigurationName = Release;
		};
		9111FC65288D6AB800A3E81F /* Build configuration list for PBXNativeTarget "ComposableAppDemo" */ = {
			isa = XCConfigurationList;
			buildConfigurations = (
				9111FC66288D6AB800A3E81F /* Debug */,
				9111FC67288D6AB800A3E81F /* Release */,
			);
			defaultConfigurationIsVisible = 0;
			defaultConfigurationName = Release;
		};
/* End XCConfigurationList section */
	};
	rootObject = 9111FC4F288D6AB700A3E81F /* Project object */;
}
